
Microsoft Visual Studio Solution File, Format Version 12.00
# Visual Studio Version 16
VisualStudioVersion = 16.0.30611.23
MinimumVisualStudioVersion = 10.0.40219.1
Project("{9A19103F-16F7-4668-BE54-9A1E7A4F7556}") = "DAL", "DAL\DAL.csproj", "{7D9EC618-408D-4C10-A577-08F3D72F36B6}"
EndProject
Project("{9A19103F-16F7-4668-BE54-9A1E7A4F7556}") = "BLL", "BLL\BLL.csproj", "{D0AFA624-0134-45AB-8056-E6A0F5D4AC79}"
EndProject
Project("{9A19103F-16F7-4668-BE54-9A1E7A4F7556}") = "API", "API\API.csproj", "{AB5D4820-1C62-43F5-BE95-972347F4297D}"
EndProject
Global
	GlobalSection(SolutionConfigurationPlatforms) = preSolution
		Debug|Any CPU = Debug|Any CPU
		Release|Any CPU = Release|Any CPU
	EndGlobalSection
	GlobalSection(ProjectConfigurationPlatforms) = postSolution
		{7D9EC618-408D-4C10-A577-08F3D72F36B6}.Debug|Any CPU.ActiveCfg = Debug|Any CPU
		{7D9EC618-408D-4C10-A577-08F3D72F36B6}.Debug|Any CPU.Build.0 = Debug|Any CPU
		{7D9EC618-408D-4C10-A577-08F3D72F36B6}.Release|Any CPU.ActiveCfg = Release|Any CPU
		{7D9EC618-408D-4C10-A577-08F3D72F36B6}.Release|Any CPU.Build.0 = Release|Any CPU
		{D0AFA624-0134-45AB-8056-E6A0F5D4AC79}.Debug|Any CPU.ActiveCfg = Debug|Any CPU
		{D0AFA624-0134-45AB-8056-E6A0F5D4AC79}.Debug|Any CPU.Build.0 = Debug|Any CPU
		{D0AFA624-0134-45AB-8056-E6A0F5D4AC79}.Release|Any CPU.ActiveCfg = Release|Any CPU
		{D0AFA624-0134-45AB-8056-E6A0F5D4AC79}.Release|Any CPU.Build.0 = Release|Any CPU
		{AB5D4820-1C62-43F5-BE95-972347F4297D}.Debug|Any CPU.ActiveCfg = Debug|Any CPU
		{AB5D4820-1C62-43F5-BE95-972347F4297D}.Debug|Any CPU.Build.0 = Debug|Any CPU
		{AB5D4820-1C62-43F5-BE95-972347F4297D}.Release|Any CPU.ActiveCfg = Release|Any CPU
		{AB5D4820-1C62-43F5-BE95-972347F4297D}.Release|Any CPU.Build.0 = Release|Any CPU
	EndGlobalSection
	GlobalSection(SolutionProperties) = preSolution
		HideSolutionNode = FALSE
	EndGlobalSection
	GlobalSection(ExtensibilityGlobals) = postSolution
		SolutionGuid = {B56D0BCA-21A1-4356-A4A8-84CB1193B833}
	EndGlobalSection
EndGlobal
